{
  "name": "territorialrh-store",
  "lockfileVersion": 3,
  "requires": true,
  "packages": {
    "": {
      "name": "territorialrh-store",
      "devDependencies": {
        "pnpm": "^10.33.3"
      },
      "engines": {
        "node": ">=20",
        "pnpm": ">=9"
      }
    },
    "node_modules/pnpm": {
      "version": "10.33.3",
      "resolved": "https://registry.npmjs.org/pnpm/-/pnpm-10.33.3.tgz",
      "integrity": "sha512-oZdENkp+JIuSZXpMpZc/k1TSHK+YJXlnSxxTnzLHQgxHE4rYsSVN8Hq6m8eC2bMCnj2zTV2/+XQybrdNrI/0iQ==",
      "dev": true,
      "license": "MIT",
      "bin": {
        "pnpm": "bin/pnpm.cjs",
        "pnpx": "bin/pnpx.cjs"
      },
      "engines": {
        "node": ">=18.12"
      },
      "funding": {
        "url": "https://opencollective.com/pnpm"
      }
    }
  }
}
